<?xml version="1.0" encoding="utf-8"?>
<Project ToolsVersion="4.0" xmlns="http://schemas.microsoft.com/developer/msbuild/2003">
  <ItemGroup>
    <Filter Include="Resource Files">
      <UniqueIdentifier>{67DA6AB6-F800-4c08-8B7A-83BB121AAD01}</UniqueIdentifier>
      <Extensions>rc;ico;cur;bmp;dlg;rc2;rct;bin;rgs;gif;jpg;jpeg;jpe;resx;tiff;tif;png;wav;mfcribbon-ms</Extensions>
    </Filter>
    <Filter Include="Headers">
      <UniqueIdentifier>{93995380-89BD-4b04-88EB-625FBE52EBFB}</UniqueIdentifier>
      <Extensions>h;hh;hpp;hxx;h++;hm;inl;inc;ipp;xsd</Extensions>
    </Filter>
    <Filter Include="Headers\Core">
      <UniqueIdentifier>{afc56b19-40f2-47e6-b732-f003a0de5d29}</UniqueIdentifier>
    </Filter>
    <Filter Include="Headers\Core\Rendering">
      <UniqueIdentifier>{7163d22e-edce-4d23-800e-15c51dc45c46}</UniqueIdentifier>
    </Filter>
    <Filter Include="Source">
      <UniqueIdentifier>{4FC737F1-C7A5-4376-A066-2A32D752A2FF}</UniqueIdentifier>
      <Extensions>cpp;c;cc;cxx;c++;cppm;ixx;def;odl;idl;hpj;bat;asm;asmx</Extensions>
    </Filter>
    <Filter Include="Headers\Core\Math">
      <UniqueIdentifier>{fc860650-4fb1-49ec-9f4c-846228af9506}</UniqueIdentifier>
    </Filter>
    <Filter Include="Source\Core">
      <UniqueIdentifier>{0ac4c86b-41d9-4e72-8199-744b3d298408}</UniqueIdentifier>
    </Filter>
    <Filter Include="Source\Core\Math">
      <UniqueIdentifier>{54e23e27-aec4-443e-b5a0-b2e29ed29670}</UniqueIdentifier>
    </Filter>
    <Filter Include="Source\Core\Rendering">
      <UniqueIdentifier>{773aa0e2-31da-4030-a9af-03e5a33bc0d3}</UniqueIdentifier>
    </Filter>
    <Filter Include="Shaders">
      <UniqueIdentifier>{0fbf581e-2db5-4a57-bd74-28c30a450e09}</UniqueIdentifier>
    </Filter>
    <Filter Include="Headers\Core\DataModel">
      <UniqueIdentifier>{8305cfd9-b591-4384-a2d1-fcc2f1983fd9}</UniqueIdentifier>
    </Filter>
    <Filter Include="Source\Core\DataModel">
      <UniqueIdentifier>{6df78e8e-236a-452c-a643-6dd60683e499}</UniqueIdentifier>
    </Filter>
  </ItemGroup>
  <ItemGroup>
    <ClCompile Include="Main.cpp">
      <Filter>Source</Filter>
    </ClCompile>
    <ClCompile Include="..\..\..\..\Documents\Visual Studio 2022\Libraries\glad\src\glad.c">
      <Filter>Source</Filter>
    </ClCompile>
    <ClCompile Include="Window.cpp">
      <Filter>Source\Core\Rendering</Filter>
    </ClCompile>
    <ClCompile Include="VertexBufferObject.cpp">
      <Filter>Source\Core\Rendering</Filter>
    </ClCompile>
    <ClCompile Include="Shader.h">
      <Filter>Headers\Core\Rendering</Filter>
    </ClCompile>
    <ClCompile Include="Shader.cpp">
      <Filter>Source\Core\Rendering</Filter>
    </ClCompile>
    <ClCompile Include="VertexArrayObject.h">
      <Filter>Headers\Core\Rendering</Filter>
    </ClCompile>
    <ClCompile Include="VertexArrayObject.cpp">
      <Filter>Source\Core\Rendering</Filter>
    </ClCompile>
    <ClCompile Include="Instance.cpp">
      <Filter>Source\Core\DataModel</Filter>
    </ClCompile>
    <ClCompile Include="Instance3d.cpp">
      <Filter>Source\Core\DataModel</Filter>
    </ClCompile>
    <ClCompile Include="ElementBufferObject.h">
      <Filter>Headers\Core\Rendering</Filter>
    </ClCompile>
    <ClCompile Include="ElementBufferObject.cpp">
      <Filter>Source\Core\Rendering</Filter>
    </ClCompile>
  </ItemGroup>
  <ItemGroup>
    <ClInclude Include="Window.h">
      <Filter>Headers\Core\Rendering</Filter>
    </ClInclude>
    <ClInclude Include="Common.h">
      <Filter>Headers</Filter>
    </ClInclude>
    <ClInclude Include="Vec2.h">
      <Filter>Headers\Core\Math</Filter>
    </ClInclude>
    <ClInclude Include="VertexBufferObject.h">
      <Filter>Headers\Core\Rendering</Filter>
    </ClInclude>
    <ClInclude Include="Instance.h">
      <Filter>Headers\Core\DataModel</Filter>
    </ClInclude>
    <ClInclude Include="Signal.h">
      <Filter>Headers\Core\DataModel</Filter>
    </ClInclude>
    <ClInclude Include="TreeNode.h">
      <Filter>Headers\Core\Math</Filter>
    </ClInclude>
    <ClInclude Include="Instance3d.h">
      <Filter>Headers\Core\DataModel</Filter>
    </ClInclude>
  </ItemGroup>
  <ItemGroup>
    <None Include="Basic.vert">
      <Filter>Shaders</Filter>
    </None>
    <None Include="Basic.frag">
      <Filter>Shaders</Filter>
    </None>
  </ItemGroup>
</Project>